{
  "requires": true,
  "lockfileVersion": 1,
  "dependencies": {
    "ace-builds": {
      "version": "1.4.12",
      "resolved": "https://registry.npmjs.org/ace-builds/-/ace-builds-1.4.12.tgz",
      "integrity": "sha512-G+chJctFPiiLGvs3+/Mly3apXTcfgE45dT5yp12BcWZ1kUs+gm0qd3/fv4gsz6fVag4mM0moHVpjHDIgph6Psg==",
      "dev": true
    },
    "elements-x": {
      "version": "1.15.2",
      "resolved": "https://registry.npmjs.org/elements-x/-/elements-x-1.15.2.tgz",
      "integrity": "sha512-8muq6WkUJffpE3MtPqjTNtvn64bPID17cGa49Ie9+Msrw6Z7F2tXzzzUjBWAJtWdn3Qy7g6tGwsPne2l2jCmSA==",
      "dev": true,
      "requires": {
        "ace-builds": "^1.4.12"
      }
    },
    "node-fetch": {
      "version": "2.6.1",
      "resolved": "https://registry.npmjs.org/node-fetch/-/node-fetch-2.6.1.tgz",
      "integrity": "sha512-V4aYg89jEoVRxRb2fJdAg8FHvI7cEyYdVAh94HH0UIK8oJxUfkjlDQN9RbMx+bEjP7+ggMiFRprSti032Oipxw=="
    }
  }
}
